
Microsoft Visual Studio Solution File, Format Version 12.00
# Visual Studio 2013
VisualStudioVersion = 12.0.21005.1
MinimumVisualStudioVersion = 10.0.40219.1
Project("{FAE04EC0-301F-11D3-BF4B-00C04F79EFBC}") = "Trabalho_prog3_bim1", "Trabalho_prog3_bim1\Trabalho_prog3_bim1.csproj", "{C69D8A67-9C72-440F-AC9D-AECE4A48344D}"
EndProject
Global
	GlobalSection(SolutionConfigurationPlatforms) = preSolution
		Debug|Any CPU = Debug|Any CPU
		Release|Any CPU = Release|Any CPU
	EndGlobalSection
	GlobalSection(ProjectConfigurationPlatforms) = postSolution
		{C69D8A67-9C72-440F-AC9D-AECE4A48344D}.Debug|Any CPU.ActiveCfg = Debug|Any CPU
		{C69D8A67-9C72-440F-AC9D-AECE4A48344D}.Debug|Any CPU.Build.0 = Debug|Any CPU
		{C69D8A67-9C72-440F-AC9D-AECE4A48344D}.Release|Any CPU.ActiveCfg = Release|Any CPU
		{C69D8A67-9C72-440F-AC9D-AECE4A48344D}.Release|Any CPU.Build.0 = Release|Any CPU
	EndGlobalSection
	GlobalSection(SolutionProperties) = preSolution
		HideSolutionNode = FALSE
	EndGlobalSection
EndGlobal
